// !$*UTF8*$!
{
	archiveVersion = 1;
	classes = {
	};
	objectVersion = 46;
	objects = {

/* Begin PBXBuildFile section */
		1AFD62D21EB8238A0063EE5D /* AppDelegate.swift in Sources */ = {isa = PBXBuildFile; fileRef = 1AFD62D11EB8238A0063EE5D /* AppDelegate.swift */; };
		1AFD62D41EB8238A0063EE5D /* ViewController.swift in Sources */ = {isa = PBXBuildFile; fileRef = 1AFD62D31EB8238A0063EE5D /* ViewController.swift */; };
		1AFD62D71EB8238A0063EE5D /* Main.storyboard in Resources */ = {isa = PBXBuildFile; fileRef = 1AFD62D51EB8238A0063EE5D /* Main.storyboard */; };
		1AFD62D91EB8238A0063EE5D /* Assets.xcassets in Resources */ = {isa = PBXBuildFile; fileRef = 1AFD62D81EB8238A0063EE5D /* Assets.xcassets */; };
		1AFD62DC1EB8238A0063EE5D /* LaunchScreen.storyboard in Resources */ = {isa = PBXBuildFile; fileRef = 1AFD62DA1EB8238A0063EE5D /* LaunchScreen.storyboard */; };
/* End PBXBuildFile section */

/* Begin PBXFileReference section */
		1AFD62CE1EB8238A0063EE5D /* SkateChalllengeApp.app */ = {isa = PBXFileReference; explicitFileType = wrapper.application; includeInIndex = 0; path = SkateChalllengeApp.app; sourceTree = BUILT_PRODUCTS_DIR; };
		1AFD62D11EB8238A0063EE5D /* AppDelegate.swift */ = {isa = PBXFileReference; lastKnownFileType = sourcecode.swift; path = AppDelegate.swift; sourceTree = "<group>"; };
		1AFD62D31EB8238A0063EE5D /* ViewController.swift */ = {isa = PBXFileReference; lastKnownFileType = sourcecode.swift; path = ViewController.swift; sourceTree = "<group>"; };
		1AFD62D61EB8238A0063EE5D /* Base */ = {isa = PBXFileReference; lastKnownFileType = file.storyboard; name = Base; path = Base.lproj/Main.storyboard; sourceTree = "<group>"; };
		1AFD62D81EB8238A0063EE5D /* Assets.xcassets */ = {isa = PBXFileReference; lastKnownFileType = folder.assetcatalog; path = Assets.xcassets; sourceTree = "<group>"; };
		1AFD62DB1EB8238A0063EE5D /* Base */ = {isa = PBXFileReference; lastKnownFileType = file.storyboard; name = Base; path = Base.lproj/LaunchScreen.storyboard; sourceTree = "<group>"; };
		1AFD62DD1EB8238A0063EE5D /* Info.plist */ = {isa = PBXFileReference; lastKnownFileType = text.plist.xml; path = Info.plist; sourceTree = "<group>"; };
/* End PBXFileReference section */

/* Begin PBXFrameworksBuildPhase section */
		1AFD62CB1EB8238A0063EE5D /* Frameworks */ = {
			isa = PBXFrameworksBuildPhase;
			buildActionMask = 2147483647;
			files = (
			);
			runOnlyForDeploymentPostprocessing = 0;
		};
/* End PBXFrameworksBuildPhase section */

/* Begin PBXGroup section */
		1AFD62C51EB8238A0063EE5D = {
			isa = PBXGroup;
			children = (
				1AFD62D01EB8238A0063EE5D /* SkateChalllengeApp */,
				1AFD62CF1EB8238A0063EE5D /* Products */,
			);
			sourceTree = "<group>";
		};
		1AFD62CF1EB8238A0063EE5D /* Products */ = {
			isa = PBXGroup;
			children = (
				1AFD62CE1EB8238A0063EE5D /* SkateChalllengeApp.app */,
			);
			name = Products;
			sourceTree = "<group>";
		};
		1AFD62D01EB8238A0063EE5D /* SkateChalllengeApp */ = {
			isa = PBXGroup;
			children = (
				1AFD62D11EB8238A0063EE5D /* AppDelegate.swift */,
				1AFD62D31EB8238A0063EE5D /* ViewController.swift */,
				1AFD62D51EB8238A0063EE5D /* Main.storyboard */,
				1AFD62D81EB8238A0063EE5D /* Assets.xcassets */,
				1AFD62DA1EB8238A0063EE5D /* LaunchScreen.storyboard */,
				1AFD62DD1EB8238A0063EE5D /* Info.plist */,
			);
			path = SkateChalllengeApp;
			sourceTree = "<group>";
		};
/* End PBXGroup section */

/* Begin PBXNativeTarget section */
		1AFD62CD1EB8238A0063EE5D /* SkateChalllengeApp */ = {
			isa = PBXNativeTarget;
			buildConfigurationList = 1AFD62E01EB8238A0063EE5D /* Build configuration list for PBXNativeTarget "SkateChalllengeApp" */;
			buildPhases = (
				1AFD62CA1EB8238A0063EE5D /* Sources */,
				1AFD62CB1EB8238A0063EE5D /* Frameworks */,
				1AFD62CC1EB8238A0063EE5D /* Resources */,
			);
			buildRules = (
			);
			dependencies = (
			);
			name = SkateChalllengeApp;
			productName = SkateChalllengeApp;
			productReference = 1AFD62CE1EB8238A0063EE5D /* SkateChalllengeApp.app */;
			productType = "com.apple.product-type.application";
		};
/* End PBXNativeTarget section */

/* Begin PBXProject section */
		1AFD62C61EB8238A0063EE5D /* Project object */ = {
			isa = PBXProject;
			attributes = {
				LastSwiftUpdateCheck = 0820;
				LastUpgradeCheck = 0820;
				ORGANIZATIONNAME = "Max Jala";
				TargetAttributes = {
					1AFD62CD1EB8238A0063EE5D = {
						CreatedOnToolsVersion = 8.2.1;
						DevelopmentTeam = VG6999JNVA;
						ProvisioningStyle = Automatic;
					};
				};
			};
			buildConfigurationList = 1AFD62C91EB8238A0063EE5D /* Build configuration list for PBXProject "SkateChalllengeApp" */;
			compatibilityVersion = "Xcode 3.2";
			developmentRegion = English;
			hasScannedForEncodings = 0;
			knownRegions = (
				en,
				Base,
			);
			mainGroup = 1AFD62C51EB8238A0063EE5D;
			productRefGroup = 1AFD62CF1EB8238A0063EE5D /* Products */;
			projectDirPath = "";
			projectRoot = "";
			targets = (
				1AFD62CD1EB8238A0063EE5D /* SkateChalllengeApp */,
			);
		};
/* End PBXProject section */

/* Begin PBXResourcesBuildPhase section */
		1AFD62CC1EB8238A0063EE5D /* Resources */ = {
			isa = PBXResourcesBuildPhase;
			buildActionMask = 2147483647;
			files = (
				1AFD62DC1EB8238A0063EE5D /* LaunchScreen.storyboard in Resources */,
				1AFD62D91EB8238A0063EE5D /* Assets.xcassets in Resources */,
				1AFD62D71EB8238A0063EE5D /* Main.storyboard in Resources */,
			);
			runOnlyForDeploymentPostprocessing = 0;
		};
/* End PBXResourcesBuildPhase section */

/* Begin PBXSourcesBuildPhase section */
		1AFD62CA1EB8238A0063EE5D /* Sources */ = {
			isa = PBXSourcesBuildPhase;
			buildActionMask = 2147483647;
			files = (
				1AFD62D41EB8238A0063EE5D /* ViewController.swift in Sources */,
				1AFD62D21EB8238A0063EE5D /* AppDelegate.swift in Sources */,
			);
			runOnlyForDeploymentPostprocessing = 0;
		};
/* End PBXSourcesBuildPhase section */

/* Begin PBXVariantGroup section */
		1AFD62D51EB8238A0063EE5D /* Main.storyboard */ = {
			isa = PBXVariantGroup;
			children = (
				1AFD62D61EB8238A0063EE5D /* Base */,
			);
			name = Main.storyboard;
			sourceTree = "<group>";
		};
		1AFD62DA1EB8238A0063EE5D /* LaunchScreen.storyboard */ = {
			isa = PBXVariantGroup;
			children = (
				1AFD62DB1EB8238A0063EE5D /* Base */,
			);
			name = LaunchScreen.storyboard;
			sourceTree = "<group>";
		};
/* End PBXVariantGroup section */

/* Begin XCBuildConfiguration section */
		1AFD62DE1EB8238A0063EE5D /* Debug */ = {
			isa = XCBuildConfiguration;
			buildSettings = {
				ALWAYS_SEARCH_USER_PATHS = NO;
				CLANG_ANALYZER_NONNULL = YES;
				CLANG_CXX_LANGUAGE_STANDARD = "gnu++0x";
				CLANG_CXX_LIBRARY = "libc++";
				CLANG_ENABLE_MODULES = YES;
				CLANG_ENABLE_OBJC_ARC = YES;
				CLANG_WARN_BOOL_CONVERSION = YES;
				CLANG_WARN_CONSTANT_CONVERSION = YES;
				CLANG_WARN_DIRECT_OBJC_ISA_USAGE = YES_ERROR;
				CLANG_WARN_DOCUMENTATION_COMMENTS = YES;
				CLANG_WARN_EMPTY_BODY = YES;
				CLANG_WARN_ENUM_CONVERSION = YES;
				CLANG_WARN_INFINITE_RECURSION = YES;
				CLANG_WARN_INT_CONVERSION = YES;
				CLANG_WARN_OBJC_ROOT_CLASS = YES_ERROR;
				CLANG_WARN_SUSPICIOUS_MOVE = YES;
				CLANG_WARN_UNREACHABLE_CODE = YES;
				CLANG_WARN__DUPLICATE_METHOD_MATCH = YES;
				"CODE_SIGN_IDENTITY[sdk=iphoneos*]" = "iPhone Developer";
				COPY_PHASE_STRIP = NO;
				DEBUG_INFORMATION_FORMAT = dwarf;
				ENABLE_STRICT_OBJC_MSGSEND = YES;
				ENABLE_TESTABILITY = YES;
				GCC_C_LANGUAGE_STANDARD = gnu99;
				GCC_DYNAMIC_NO_PIC = NO;
				GCC_NO_COMMON_BLOCKS = YES;
				GCC_OPTIMIZATION_LEVEL = 0;
				GCC_PREPROCESSOR_DEFINITIONS = (
					"DEBUG=1",
					"$(inherited)",
				);
				GCC_WARN_64_TO_32_BIT_CONVERSION = YES;
				GCC_WARN_ABOUT_RETURN_TYPE = YES_ERROR;
				GCC_WARN_UNDECLARED_SELECTOR = YES;
				GCC_WARN_UNINITIALIZED_AUTOS = YES_AGGRESSIVE;
				GCC_WARN_UNUSED_FUNCTION = YES;
				GCC_WARN_UNUSED_VARIABLE = YES;
				IPHONEOS_DEPLOYMENT_TARGET = 10.2;
				MTL_ENABLE_DEBUG_INFO = YES;
				ONLY_ACTIVE_ARCH = YES;
				SDKROOT = iphoneos;
				SWIFT_ACTIVE_COMPILATION_CONDITIONS = DEBUG;
				SWIFT_OPTIMIZATION_LEVEL = "-Onone";
				TARGETED_DEVICE_FAMILY = "1,2";
			};
			name = Debug;
		};
		1AFD62DF1EB8238A0063EE5D /* Release */ = {
			isa = XCBuildConfiguration;
			buildSettings = {
				ALWAYS_SEARCH_USER_PATHS = NO;
				CLANG_ANALYZER_NONNULL = YES;
				CLANG_CXX_LANGUAGE_STANDARD = "gnu++0x";
				CLANG_CXX_LIBRARY = "libc++";
				CLANG_ENABLE_MODULES = YES;
				CLANG_ENABLE_OBJC_ARC = YES;
				CLANG_WARN_BOOL_CONVERSION = YES;
				CLANG_WARN_CONSTANT_CONVERSION = YES;
				CLANG_WARN_DIRECT_OBJC_ISA_USAGE = YES_ERROR;
				CLANG_WARN_DOCUMENTATION_COMMENTS = YES;
				CLANG_WARN_EMPTY_BODY = YES;
				CLANG_WARN_ENUM_CONVERSION = YES;
				CLANG_WARN_INFINITE_RECURSION = YES;
				CLANG_WARN_INT_CONVERSION = YES;
				CLANG_WARN_OBJC_ROOT_CLASS = YES_ERROR;
				CLANG_WARN_SUSPICIOUS_MOVE = YES;
				CLANG_WARN_UNREACHABLE_CODE = YES;
				CLANG_WARN__DUPLICATE_METHOD_MATCH = YES;
				"CODE_SIGN_IDENTITY[sdk=iphoneos*]" = "iPhone Developer";
				COPY_PHASE_STRIP = NO;
				DEBUG_INFORMATION_FORMAT = "dwarf-with-dsym";
				ENABLE_NS_ASSERTIONS = NO;
				ENABLE_STRICT_OBJC_MSGSEND = YES;
				GCC_C_LANGUAGE_STANDARD = gnu99;
				GCC_NO_COMMON_BLOCKS = YES;
				GCC_WARN_64_TO_32_BIT_CONVERSION = YES;
				GCC_WARN_ABOUT_RETURN_TYPE = YES_ERROR;
				GCC_WARN_UNDECLARED_SELECTOR = YES;
				GCC_WARN_UNINITIALIZED_AUTOS = YES_AGGRESSIVE;
				GCC_WARN_UNUSED_FUNCTION = YES;
				GCC_WARN_UNUSED_VARIABLE = YES;
				IPHONEOS_DEPLOYMENT_TARGET = 10.2;
				MTL_ENABLE_DEBUG_INFO = NO;
				SDKROOT = iphoneos;
				SWIFT_OPTIMIZATION_LEVEL = "-Owholemodule";
				TARGETED_DEVICE_FAMILY = "1,2";
				VALIDATE_PRODUCT = YES;
			};
			name = Release;
		};
		1AFD62E11EB8238A0063EE5D /* Debug */ = {
			isa = XCBuildConfiguration;
			buildSettings = {
				ASSETCATALOG_COMPILER_APPICON_NAME = AppIcon;
				DEVELOPMENT_TEAM = VG6999JNVA;
				INFOPLIST_FILE = SkateChalllengeApp/Info.plist;
				LD_RUNPATH_SEARCH_PATHS = "$(inherited) @executable_path/Frameworks";
				PRODUCT_BUNDLE_IDENTIFIER = com.nextacademy.SkateChalllengeApp;
				PRODUCT_NAME = "$(TARGET_NAME)";
				SWIFT_VERSION = 3.0;
			};
			name = Debug;
		};
		1AFD62E21EB8238A0063EE5D /* Release */ = {
			isa = XCBuildConfiguration;
			buildSettings = {
				ASSETCATALOG_COMPILER_APPICON_NAME = AppIcon;
				DEVELOPMENT_TEAM = VG6999JNVA;
				INFOPLIST_FILE = SkateChalllengeApp/Info.plist;
				LD_RUNPATH_SEARCH_PATHS = "$(inherited) @executable_path/Frameworks";
				PRODUCT_BUNDLE_IDENTIFIER = com.nextacademy.SkateChalllengeApp;
				PRODUCT_NAME = "$(TARGET_NAME)";
				SWIFT_VERSION = 3.0;
			};
			name = Release;
		};
/* End XCBuildConfiguration section */

/* Begin XCConfigurationList section */
		1AFD62C91EB8238A0063EE5D /* Build configuration list for PBXProject "SkateChalllengeApp" */ = {
			isa = XCConfigurationList;
			buildConfigurations = (
				1AFD62DE1EB8238A0063EE5D /* Debug */,
				1AFD62DF1EB8238A0063EE5D /* Release */,
			);
			defaultConfigurationIsVisible = 0;
			defaultConfigurationName = Release;
		};
		1AFD62E01EB8238A0063EE5D /* Build configuration list for PBXNativeTarget "SkateChalllengeApp" */ = {
			isa = XCConfigurationList;
			buildConfigurations = (
				1AFD62E11EB8238A0063EE5D /* Debug */,
				1AFD62E21EB8238A0063EE5D /* Release */,
			);
			defaultConfigurationIsVisible = 0;
		};
/* End XCConfigurationList section */
	};
	rootObject = 1AFD62C61EB8238A0063EE5D /* Project object */;
}
